
Microsoft Visual Studio Solution File, Format Version 12.00
# Visual Studio Version 17
VisualStudioVersion = 17.3.32825.248
MinimumVisualStudioVersion = 10.0.40219.1
Project("{FAE04EC0-301F-11D3-BF4B-00C04F79EFBC}") = "LanchesMac", "LanchesMac\LanchesMac.csproj", "{667AF064-2E63-4D18-A499-D58853C45FCF}"
EndProject
Global
	GlobalSection(SolutionConfigurationPlatforms) = preSolution
		Debug|Any CPU = Debug|Any CPU
		Release|Any CPU = Release|Any CPU
	EndGlobalSection
	GlobalSection(ProjectConfigurationPlatforms) = postSolution
		{667AF064-2E63-4D18-A499-D58853C45FCF}.Debug|Any CPU.ActiveCfg = Debug|Any CPU
		{667AF064-2E63-4D18-A499-D58853C45FCF}.Debug|Any CPU.Build.0 = Debug|Any CPU
		{667AF064-2E63-4D18-A499-D58853C45FCF}.Release|Any CPU.ActiveCfg = Release|Any CPU
		{667AF064-2E63-4D18-A499-D58853C45FCF}.Release|Any CPU.Build.0 = Release|Any CPU
	EndGlobalSection
	GlobalSection(SolutionProperties) = preSolution
		HideSolutionNode = FALSE
	EndGlobalSection
	GlobalSection(ExtensibilityGlobals) = postSolution
		SolutionGuid = {EF617B0A-8582-469D-9B46-3EC960678FE9}
	EndGlobalSection
EndGlobal
